
Microsoft Visual Studio Solution File, Format Version 12.00
# Visual Studio Version 16
VisualStudioVersion = 16.0.29001.49
MinimumVisualStudioVersion = 10.0.40219.1
Project("{FAE04EC0-301F-11D3-BF4B-00C04F79EFBC}") = "VideoPoker", "VideoPoker.csproj", "{05A8DF83-D215-47FD-A81F-A0F838D2252F}"
EndProject
Project("{FAE04EC0-301F-11D3-BF4B-00C04F79EFBC}") = "PokerUnitTests", "..\PokerUnitTests\PokerUnitTests.csproj", "{089575D3-BFB1-4809-9B56-09094C8139A4}"
EndProject
Global
	GlobalSection(SolutionConfigurationPlatforms) = preSolution
		Debug|Any CPU = Debug|Any CPU
		Release|Any CPU = Release|Any CPU
	EndGlobalSection
	GlobalSection(ProjectConfigurationPlatforms) = postSolution
		{05A8DF83-D215-47FD-A81F-A0F838D2252F}.Debug|Any CPU.ActiveCfg = Debug|Any CPU
		{05A8DF83-D215-47FD-A81F-A0F838D2252F}.Debug|Any CPU.Build.0 = Debug|Any CPU
		{05A8DF83-D215-47FD-A81F-A0F838D2252F}.Release|Any CPU.ActiveCfg = Release|Any CPU
		{05A8DF83-D215-47FD-A81F-A0F838D2252F}.Release|Any CPU.Build.0 = Release|Any CPU
		{089575D3-BFB1-4809-9B56-09094C8139A4}.Debug|Any CPU.ActiveCfg = Debug|Any CPU
		{089575D3-BFB1-4809-9B56-09094C8139A4}.Debug|Any CPU.Build.0 = Debug|Any CPU
		{089575D3-BFB1-4809-9B56-09094C8139A4}.Release|Any CPU.ActiveCfg = Release|Any CPU
		{089575D3-BFB1-4809-9B56-09094C8139A4}.Release|Any CPU.Build.0 = Release|Any CPU
	EndGlobalSection
	GlobalSection(SolutionProperties) = preSolution
		HideSolutionNode = FALSE
	EndGlobalSection
	GlobalSection(ExtensibilityGlobals) = postSolution
		SolutionGuid = {7A46F020-A6CE-46FE-8256-F6BC2DB55796}
	EndGlobalSection
EndGlobal
